
Microsoft Visual Studio Solution File, Format Version 12.00
# Visual Studio Version 16
VisualStudioVersion = 16.0.31105.61
MinimumVisualStudioVersion = 10.0.40219.1
Project("{FAE04EC0-301F-11D3-BF4B-00C04F79EFBC}") = "Insert_into_db", "Insert_into_db\Insert_into_db.csproj", "{B3D89FD2-499F-4A52-8EA2-2FBAD2846065}"
EndProject
Global
	GlobalSection(SolutionConfigurationPlatforms) = preSolution
		Debug|Any CPU = Debug|Any CPU
		Release|Any CPU = Release|Any CPU
	EndGlobalSection
	GlobalSection(ProjectConfigurationPlatforms) = postSolution
		{B3D89FD2-499F-4A52-8EA2-2FBAD2846065}.Debug|Any CPU.ActiveCfg = Debug|Any CPU
		{B3D89FD2-499F-4A52-8EA2-2FBAD2846065}.Debug|Any CPU.Build.0 = Debug|Any CPU
		{B3D89FD2-499F-4A52-8EA2-2FBAD2846065}.Release|Any CPU.ActiveCfg = Release|Any CPU
		{B3D89FD2-499F-4A52-8EA2-2FBAD2846065}.Release|Any CPU.Build.0 = Release|Any CPU
	EndGlobalSection
	GlobalSection(SolutionProperties) = preSolution
		HideSolutionNode = FALSE
	EndGlobalSection
	GlobalSection(ExtensibilityGlobals) = postSolution
		SolutionGuid = {F918360F-9BD3-4BB8-8040-AE820281FFE8}
	EndGlobalSection
EndGlobal
