
Microsoft Visual Studio Solution File, Format Version 12.00
# Visual Studio Version 16
VisualStudioVersion = 16.0.31105.61
MinimumVisualStudioVersion = 10.0.40219.1
Project("{FAE04EC0-301F-11D3-BF4B-00C04F79EFBC}") = "Student_Course_Association", "Student_Course_Association\Student_Course_Association.csproj", "{4FDD8F05-7DC8-4816-9C44-F022F1ACD8DD}"
EndProject
Global
	GlobalSection(SolutionConfigurationPlatforms) = preSolution
		Debug|Any CPU = Debug|Any CPU
		Release|Any CPU = Release|Any CPU
	EndGlobalSection
	GlobalSection(ProjectConfigurationPlatforms) = postSolution
		{4FDD8F05-7DC8-4816-9C44-F022F1ACD8DD}.Debug|Any CPU.ActiveCfg = Debug|Any CPU
		{4FDD8F05-7DC8-4816-9C44-F022F1ACD8DD}.Debug|Any CPU.Build.0 = Debug|Any CPU
		{4FDD8F05-7DC8-4816-9C44-F022F1ACD8DD}.Release|Any CPU.ActiveCfg = Release|Any CPU
		{4FDD8F05-7DC8-4816-9C44-F022F1ACD8DD}.Release|Any CPU.Build.0 = Release|Any CPU
	EndGlobalSection
	GlobalSection(SolutionProperties) = preSolution
		HideSolutionNode = FALSE
	EndGlobalSection
	GlobalSection(ExtensibilityGlobals) = postSolution
		SolutionGuid = {DAD4A043-AD9F-468D-8EC9-4EE1EE347EE8}
	EndGlobalSection
EndGlobal
